
Microsoft Visual Studio Solution File, Format Version 12.00
# Visual Studio Version 17
VisualStudioVersion = 17.6.33723.286
MinimumVisualStudioVersion = 10.0.40219.1
Project("{FAE04EC0-301F-11D3-BF4B-00C04F79EFBC}") = "TOSCore", "TOSCore\TOSCore.csproj", "{3F2F8C3D-019E-427E-9C55-63A2797C4A0C}"
EndProject
Global
	GlobalSection(SolutionConfigurationPlatforms) = preSolution
		Debug|Any CPU = Debug|Any CPU
		Release|Any CPU = Release|Any CPU
	EndGlobalSection
	GlobalSection(ProjectConfigurationPlatforms) = postSolution
		{3F2F8C3D-019E-427E-9C55-63A2797C4A0C}.Debug|Any CPU.ActiveCfg = Debug|Any CPU
		{3F2F8C3D-019E-427E-9C55-63A2797C4A0C}.Debug|Any CPU.Build.0 = Debug|Any CPU
		{3F2F8C3D-019E-427E-9C55-63A2797C4A0C}.Release|Any CPU.ActiveCfg = Release|Any CPU
		{3F2F8C3D-019E-427E-9C55-63A2797C4A0C}.Release|Any CPU.Build.0 = Release|Any CPU
	EndGlobalSection
	GlobalSection(SolutionProperties) = preSolution
		HideSolutionNode = FALSE
	EndGlobalSection
	GlobalSection(ExtensibilityGlobals) = postSolution
		SolutionGuid = {4E5AF353-A0C1-415A-8164-B2E7DC6A67F6}
	EndGlobalSection
EndGlobal
